
Microsoft Visual Studio Solution File, Format Version 12.00
# Visual Studio Version 17
VisualStudioVersion = 17.6.33815.320
MinimumVisualStudioVersion = 10.0.40219.1
Project("{FAE04EC0-301F-11D3-BF4B-00C04F79EFBC}") = "CGO_Buoi10", "CGO_Buoi10\CGO_Buoi10.csproj", "{138CEA02-C4AE-4B80-8058-1CC2F9158914}"
EndProject
Global
	GlobalSection(SolutionConfigurationPlatforms) = preSolution
		Debug|Any CPU = Debug|Any CPU
		Release|Any CPU = Release|Any CPU
	EndGlobalSection
	GlobalSection(ProjectConfigurationPlatforms) = postSolution
		{138CEA02-C4AE-4B80-8058-1CC2F9158914}.Debug|Any CPU.ActiveCfg = Debug|Any CPU
		{138CEA02-C4AE-4B80-8058-1CC2F9158914}.Debug|Any CPU.Build.0 = Debug|Any CPU
		{138CEA02-C4AE-4B80-8058-1CC2F9158914}.Release|Any CPU.ActiveCfg = Release|Any CPU
		{138CEA02-C4AE-4B80-8058-1CC2F9158914}.Release|Any CPU.Build.0 = Release|Any CPU
	EndGlobalSection
	GlobalSection(SolutionProperties) = preSolution
		HideSolutionNode = FALSE
	EndGlobalSection
	GlobalSection(ExtensibilityGlobals) = postSolution
		SolutionGuid = {A7D5B922-E6BD-4CD6-8250-358B9B146536}
	EndGlobalSection
EndGlobal
