
Microsoft Visual Studio Solution File, Format Version 12.00
# Visual Studio Version 17
VisualStudioVersion = 17.6.33815.320
MinimumVisualStudioVersion = 10.0.40219.1
Project("{FAE04EC0-301F-11D3-BF4B-00C04F79EFBC}") = "Bai 2 hien thi loi chao", "Bai 2 hien thi loi chao\Bai 2 hien thi loi chao.csproj", "{3DAC8C01-681A-4856-BC41-5B4AC9D9E382}"
EndProject
Global
	GlobalSection(SolutionConfigurationPlatforms) = preSolution
		Debug|Any CPU = Debug|Any CPU
		Release|Any CPU = Release|Any CPU
	EndGlobalSection
	GlobalSection(ProjectConfigurationPlatforms) = postSolution
		{3DAC8C01-681A-4856-BC41-5B4AC9D9E382}.Debug|Any CPU.ActiveCfg = Debug|Any CPU
		{3DAC8C01-681A-4856-BC41-5B4AC9D9E382}.Debug|Any CPU.Build.0 = Debug|Any CPU
		{3DAC8C01-681A-4856-BC41-5B4AC9D9E382}.Release|Any CPU.ActiveCfg = Release|Any CPU
		{3DAC8C01-681A-4856-BC41-5B4AC9D9E382}.Release|Any CPU.Build.0 = Release|Any CPU
	EndGlobalSection
	GlobalSection(SolutionProperties) = preSolution
		HideSolutionNode = FALSE
	EndGlobalSection
	GlobalSection(ExtensibilityGlobals) = postSolution
		SolutionGuid = {A474C974-37C1-49C1-AF60-732F115CC32D}
	EndGlobalSection
EndGlobal
