
Microsoft Visual Studio Solution File, Format Version 12.00
# Visual Studio Version 17
VisualStudioVersion = 17.6.33815.320
MinimumVisualStudioVersion = 10.0.40219.1
Project("{FAE04EC0-301F-11D3-BF4B-00C04F79EFBC}") = "CGO_buoi12", "CGO_buoi12\CGO_buoi12.csproj", "{4BE9DAF6-C541-4DBD-BC44-6ADD90154E3A}"
EndProject
Global
	GlobalSection(SolutionConfigurationPlatforms) = preSolution
		Debug|Any CPU = Debug|Any CPU
		Release|Any CPU = Release|Any CPU
	EndGlobalSection
	GlobalSection(ProjectConfigurationPlatforms) = postSolution
		{4BE9DAF6-C541-4DBD-BC44-6ADD90154E3A}.Debug|Any CPU.ActiveCfg = Debug|Any CPU
		{4BE9DAF6-C541-4DBD-BC44-6ADD90154E3A}.Debug|Any CPU.Build.0 = Debug|Any CPU
		{4BE9DAF6-C541-4DBD-BC44-6ADD90154E3A}.Release|Any CPU.ActiveCfg = Release|Any CPU
		{4BE9DAF6-C541-4DBD-BC44-6ADD90154E3A}.Release|Any CPU.Build.0 = Release|Any CPU
	EndGlobalSection
	GlobalSection(SolutionProperties) = preSolution
		HideSolutionNode = FALSE
	EndGlobalSection
	GlobalSection(ExtensibilityGlobals) = postSolution
		SolutionGuid = {3947A760-5E48-4651-A5D8-9CD9C407A48D}
	EndGlobalSection
EndGlobal
