
Microsoft Visual Studio Solution File, Format Version 12.00
# Visual Studio Version 17
VisualStudioVersion = 17.6.33815.320
MinimumVisualStudioVersion = 10.0.40219.1
Project("{FAE04EC0-301F-11D3-BF4B-00C04F79EFBC}") = "Bai 3 chuyen doi tien te", "Bai 3 chuyen doi tien te\Bai 3 chuyen doi tien te.csproj", "{FDA4592F-AB7D-4277-8CDB-582FE03BE798}"
EndProject
Global
	GlobalSection(SolutionConfigurationPlatforms) = preSolution
		Debug|Any CPU = Debug|Any CPU
		Release|Any CPU = Release|Any CPU
	EndGlobalSection
	GlobalSection(ProjectConfigurationPlatforms) = postSolution
		{FDA4592F-AB7D-4277-8CDB-582FE03BE798}.Debug|Any CPU.ActiveCfg = Debug|Any CPU
		{FDA4592F-AB7D-4277-8CDB-582FE03BE798}.Debug|Any CPU.Build.0 = Debug|Any CPU
		{FDA4592F-AB7D-4277-8CDB-582FE03BE798}.Release|Any CPU.ActiveCfg = Release|Any CPU
		{FDA4592F-AB7D-4277-8CDB-582FE03BE798}.Release|Any CPU.Build.0 = Release|Any CPU
	EndGlobalSection
	GlobalSection(SolutionProperties) = preSolution
		HideSolutionNode = FALSE
	EndGlobalSection
	GlobalSection(ExtensibilityGlobals) = postSolution
		SolutionGuid = {647BEED1-1933-49CE-A894-DC61328517FE}
	EndGlobalSection
EndGlobal
