
Microsoft Visual Studio Solution File, Format Version 12.00
# Visual Studio Version 17
VisualStudioVersion = 17.6.33815.320
MinimumVisualStudioVersion = 10.0.40219.1
Project("{FAE04EC0-301F-11D3-BF4B-00C04F79EFBC}") = "Bai 4 thuc hanh sd toan tu", "Bai 4 thuc hanh sd toan tu\Bai 4 thuc hanh sd toan tu.csproj", "{CAAD9A94-0C37-40F2-BC08-CAC0454684C3}"
EndProject
Global
	GlobalSection(SolutionConfigurationPlatforms) = preSolution
		Debug|Any CPU = Debug|Any CPU
		Release|Any CPU = Release|Any CPU
	EndGlobalSection
	GlobalSection(ProjectConfigurationPlatforms) = postSolution
		{CAAD9A94-0C37-40F2-BC08-CAC0454684C3}.Debug|Any CPU.ActiveCfg = Debug|Any CPU
		{CAAD9A94-0C37-40F2-BC08-CAC0454684C3}.Debug|Any CPU.Build.0 = Debug|Any CPU
		{CAAD9A94-0C37-40F2-BC08-CAC0454684C3}.Release|Any CPU.ActiveCfg = Release|Any CPU
		{CAAD9A94-0C37-40F2-BC08-CAC0454684C3}.Release|Any CPU.Build.0 = Release|Any CPU
	EndGlobalSection
	GlobalSection(SolutionProperties) = preSolution
		HideSolutionNode = FALSE
	EndGlobalSection
	GlobalSection(ExtensibilityGlobals) = postSolution
		SolutionGuid = {035DB5B7-2B6A-4CB1-AF19-72FC6C64A81B}
	EndGlobalSection
EndGlobal
