
Microsoft Visual Studio Solution File, Format Version 12.00
# Visual Studio Version 17
VisualStudioVersion = 17.6.33815.320
MinimumVisualStudioVersion = 10.0.40219.1
Project("{FAE04EC0-301F-11D3-BF4B-00C04F79EFBC}") = "CGO_buoi06_snakegame", "CGO_buoi06_snakegame\CGO_buoi06_snakegame.csproj", "{94C0FB29-19D9-496F-86AB-66018CE1FE36}"
EndProject
Global
	GlobalSection(SolutionConfigurationPlatforms) = preSolution
		Debug|Any CPU = Debug|Any CPU
		Release|Any CPU = Release|Any CPU
	EndGlobalSection
	GlobalSection(ProjectConfigurationPlatforms) = postSolution
		{94C0FB29-19D9-496F-86AB-66018CE1FE36}.Debug|Any CPU.ActiveCfg = Debug|Any CPU
		{94C0FB29-19D9-496F-86AB-66018CE1FE36}.Debug|Any CPU.Build.0 = Debug|Any CPU
		{94C0FB29-19D9-496F-86AB-66018CE1FE36}.Release|Any CPU.ActiveCfg = Release|Any CPU
		{94C0FB29-19D9-496F-86AB-66018CE1FE36}.Release|Any CPU.Build.0 = Release|Any CPU
	EndGlobalSection
	GlobalSection(SolutionProperties) = preSolution
		HideSolutionNode = FALSE
	EndGlobalSection
	GlobalSection(ExtensibilityGlobals) = postSolution
		SolutionGuid = {304230F1-C08C-47B7-8AB6-7E8917F9CDBD}
	EndGlobalSection
EndGlobal
