
Microsoft Visual Studio Solution File, Format Version 12.00
# Visual Studio Version 17
VisualStudioVersion = 17.6.33815.320
MinimumVisualStudioVersion = 10.0.40219.1
Project("{FAE04EC0-301F-11D3-BF4B-00C04F79EFBC}") = "Bai1", "Bai1\Bai1.csproj", "{0FF605A5-5F88-46F2-8D2F-1525EB5EC969}"
EndProject
Global
	GlobalSection(SolutionConfigurationPlatforms) = preSolution
		Debug|Any CPU = Debug|Any CPU
		Release|Any CPU = Release|Any CPU
	EndGlobalSection
	GlobalSection(ProjectConfigurationPlatforms) = postSolution
		{0FF605A5-5F88-46F2-8D2F-1525EB5EC969}.Debug|Any CPU.ActiveCfg = Debug|Any CPU
		{0FF605A5-5F88-46F2-8D2F-1525EB5EC969}.Debug|Any CPU.Build.0 = Debug|Any CPU
		{0FF605A5-5F88-46F2-8D2F-1525EB5EC969}.Release|Any CPU.ActiveCfg = Release|Any CPU
		{0FF605A5-5F88-46F2-8D2F-1525EB5EC969}.Release|Any CPU.Build.0 = Release|Any CPU
	EndGlobalSection
	GlobalSection(SolutionProperties) = preSolution
		HideSolutionNode = FALSE
	EndGlobalSection
	GlobalSection(ExtensibilityGlobals) = postSolution
		SolutionGuid = {88432EFA-F02D-4CC3-80EF-D64AAFBC95E3}
	EndGlobalSection
EndGlobal
