
Microsoft Visual Studio Solution File, Format Version 12.00
# Visual Studio Version 17
VisualStudioVersion = 17.6.33815.320
MinimumVisualStudioVersion = 10.0.40219.1
Project("{FAE04EC0-301F-11D3-BF4B-00C04F79EFBC}") = "Tìm giá trị trong mảng", "Tìm giá trị trong mảng\Tìm giá trị trong mảng.csproj", "{43023CF0-34F8-4F2C-805F-01889589B360}"
EndProject
Global
	GlobalSection(SolutionConfigurationPlatforms) = preSolution
		Debug|Any CPU = Debug|Any CPU
		Release|Any CPU = Release|Any CPU
	EndGlobalSection
	GlobalSection(ProjectConfigurationPlatforms) = postSolution
		{43023CF0-34F8-4F2C-805F-01889589B360}.Debug|Any CPU.ActiveCfg = Debug|Any CPU
		{43023CF0-34F8-4F2C-805F-01889589B360}.Debug|Any CPU.Build.0 = Debug|Any CPU
		{43023CF0-34F8-4F2C-805F-01889589B360}.Release|Any CPU.ActiveCfg = Release|Any CPU
		{43023CF0-34F8-4F2C-805F-01889589B360}.Release|Any CPU.Build.0 = Release|Any CPU
	EndGlobalSection
	GlobalSection(SolutionProperties) = preSolution
		HideSolutionNode = FALSE
	EndGlobalSection
	GlobalSection(ExtensibilityGlobals) = postSolution
		SolutionGuid = {5EF300C5-63E2-4C9B-8AA1-CB85CB9CDC6D}
	EndGlobalSection
EndGlobal
