
Microsoft Visual Studio Solution File, Format Version 12.00
# Visual Studio Version 17
VisualStudioVersion = 17.6.33815.320
MinimumVisualStudioVersion = 10.0.40219.1
Project("{FAE04EC0-301F-11D3-BF4B-00C04F79EFBC}") = "Bai 6 BMI", "Bai 6 BMI\Bai 6 BMI.csproj", "{AF49B8DD-2489-48FB-BC21-960A9EE2698A}"
EndProject
Global
	GlobalSection(SolutionConfigurationPlatforms) = preSolution
		Debug|Any CPU = Debug|Any CPU
		Release|Any CPU = Release|Any CPU
	EndGlobalSection
	GlobalSection(ProjectConfigurationPlatforms) = postSolution
		{AF49B8DD-2489-48FB-BC21-960A9EE2698A}.Debug|Any CPU.ActiveCfg = Debug|Any CPU
		{AF49B8DD-2489-48FB-BC21-960A9EE2698A}.Debug|Any CPU.Build.0 = Debug|Any CPU
		{AF49B8DD-2489-48FB-BC21-960A9EE2698A}.Release|Any CPU.ActiveCfg = Release|Any CPU
		{AF49B8DD-2489-48FB-BC21-960A9EE2698A}.Release|Any CPU.Build.0 = Release|Any CPU
	EndGlobalSection
	GlobalSection(SolutionProperties) = preSolution
		HideSolutionNode = FALSE
	EndGlobalSection
	GlobalSection(ExtensibilityGlobals) = postSolution
		SolutionGuid = {752A404F-59EA-4FDE-BCC8-70513A96B6B4}
	EndGlobalSection
EndGlobal
