
Microsoft Visual Studio Solution File, Format Version 12.00
# Visual Studio Version 17
VisualStudioVersion = 17.6.33815.320
MinimumVisualStudioVersion = 10.0.40219.1
Project("{FAE04EC0-301F-11D3-BF4B-00C04F79EFBC}") = "for 3", "for 3\for 3.csproj", "{93FE48B5-EDE8-435C-97C4-55C2C179A09C}"
EndProject
Global
	GlobalSection(SolutionConfigurationPlatforms) = preSolution
		Debug|Any CPU = Debug|Any CPU
		Release|Any CPU = Release|Any CPU
	EndGlobalSection
	GlobalSection(ProjectConfigurationPlatforms) = postSolution
		{93FE48B5-EDE8-435C-97C4-55C2C179A09C}.Debug|Any CPU.ActiveCfg = Debug|Any CPU
		{93FE48B5-EDE8-435C-97C4-55C2C179A09C}.Debug|Any CPU.Build.0 = Debug|Any CPU
		{93FE48B5-EDE8-435C-97C4-55C2C179A09C}.Release|Any CPU.ActiveCfg = Release|Any CPU
		{93FE48B5-EDE8-435C-97C4-55C2C179A09C}.Release|Any CPU.Build.0 = Release|Any CPU
	EndGlobalSection
	GlobalSection(SolutionProperties) = preSolution
		HideSolutionNode = FALSE
	EndGlobalSection
	GlobalSection(ExtensibilityGlobals) = postSolution
		SolutionGuid = {2846B8B5-4183-45B1-9FA7-E06874D17D8A}
	EndGlobalSection
EndGlobal
